{
  "requires": true,
  "lockfileVersion": 1,
  "dependencies": {
    "bootstrap": {
      "version": "4.5.0",
      "resolved": "https://registry.npmjs.org/bootstrap/-/bootstrap-4.5.0.tgz",
      "integrity": "sha512-Z93QoXvodoVslA+PWNdk23Hze4RBYIkpb5h8I2HY2Tu2h7A0LpAgLcyrhrSUyo2/Oxm2l1fRZPs1e5hnxnliXA=="
    },
    "startbootstrap-sb-admin": {
      "version": "6.0.1",
      "resolved": "https://registry.npmjs.org/startbootstrap-sb-admin/-/startbootstrap-sb-admin-6.0.1.tgz",
      "integrity": "sha512-u42ENu/bDU5WcecElH/NpnX3M2zx149fhhBUXjQ7XrCJnu6qtEB7+0PatpYV+yThQW8TrcxkbRAXbm0qoA+Npg==",
      "requires": {
        "bootstrap": "4.5.0"
      }
    }
  }
}
